
Microsoft Visual Studio Solution File, Format Version 12.00
Project("{FAE04EC0-301F-11D3-BF4B-00C04F79EFBC}") = "Pw.Hub", "Pw.Hub\Pw.Hub.csproj", "{BD0D6747-4B99-4DC8-B791-8FCBA7356F85}"
EndProject
Project("{FAE04EC0-301F-11D3-BF4B-00C04F79EFBC}") = "Pw.Modules.Api", "Pw.Modules.Api\Pw.Modules.Api.csproj", "{9E6D2D73-4E6F-4F62-9E7A-6C8B1C5F3F11}"
EndProject
Global
	GlobalSection(SolutionConfigurationPlatforms) = preSolution
		Debug|Any CPU = Debug|Any CPU
		Release|Any CPU = Release|Any CPU
	EndGlobalSection
	GlobalSection(ProjectConfigurationPlatforms) = postSolution
		{BD0D6747-4B99-4DC8-B791-8FCBA7356F85}.Debug|Any CPU.ActiveCfg = Debug|Any CPU
		{BD0D6747-4B99-4DC8-B791-8FCBA7356F85}.Debug|Any CPU.Build.0 = Debug|Any CPU
		{BD0D6747-4B99-4DC8-B791-8FCBA7356F85}.Release|Any CPU.ActiveCfg = Release|Any CPU
		{BD0D6747-4B99-4DC8-B791-8FCBA7356F85}.Release|Any CPU.Build.0 = Release|Any CPU
		{9E6D2D73-4E6F-4F62-9E7A-6C8B1C5F3F11}.Debug|Any CPU.ActiveCfg = Debug|Any CPU
		{9E6D2D73-4E6F-4F62-9E7A-6C8B1C5F3F11}.Debug|Any CPU.Build.0 = Debug|Any CPU
		{9E6D2D73-4E6F-4F62-9E7A-6C8B1C5F3F11}.Release|Any CPU.ActiveCfg = Release|Any CPU
		{9E6D2D73-4E6F-4F62-9E7A-6C8B1C5F3F11}.Release|Any CPU.Build.0 = Release|Any CPU
	EndGlobalSection
EndGlobal
